
Microsoft Visual Studio Solution File, Format Version 12.00
# Visual Studio Version 17
VisualStudioVersion = 17.8.34330.188
MinimumVisualStudioVersion = 10.0.40219.1
Project("{FAE04EC0-301F-11D3-BF4B-00C04F79EFBC}") = "Z_Homes_Test", "Z_Homes_Test\Z_Homes_Test.csproj", "{8AE16C82-507F-4A30-9571-14F667DE7F20}"
EndProject
Global
	GlobalSection(SolutionConfigurationPlatforms) = preSolution
		Debug|Any CPU = Debug|Any CPU
		Release|Any CPU = Release|Any CPU
	EndGlobalSection
	GlobalSection(ProjectConfigurationPlatforms) = postSolution
		{8AE16C82-507F-4A30-9571-14F667DE7F20}.Debug|Any CPU.ActiveCfg = Debug|Any CPU
		{8AE16C82-507F-4A30-9571-14F667DE7F20}.Debug|Any CPU.Build.0 = Debug|Any CPU
		{8AE16C82-507F-4A30-9571-14F667DE7F20}.Release|Any CPU.ActiveCfg = Release|Any CPU
		{8AE16C82-507F-4A30-9571-14F667DE7F20}.Release|Any CPU.Build.0 = Release|Any CPU
	EndGlobalSection
	GlobalSection(SolutionProperties) = preSolution
		HideSolutionNode = FALSE
	EndGlobalSection
	GlobalSection(ExtensibilityGlobals) = postSolution
		SolutionGuid = {A3AF16C4-EB53-4454-BFEA-F5DAAC4AFB78}
	EndGlobalSection
EndGlobal
